Microsoft Visual Studio Solution File, Format Version 12.00
# Visual Studio 2012
Project("{FAE04EC0-301F-11D3-BF4B-00C04F79EFBC}") = "Killing Dinos", "Killing Dinos.csproj", "{74D4ADCD-A81A-49CE-BF74-E3EA7D9816B7}"
EndProject
Global
	GlobalSection(SolutionConfigurationPlatforms) = preSolution
	Debug|Any CPU = Debug|Any CPU
	Release|Any CPU = Release|Any CPU
	Tools|Any CPU = Tools|Any CPU
	EndGlobalSection
	GlobalSection(ProjectConfigurationPlatforms) = postSolution
		{74D4ADCD-A81A-49CE-BF74-E3EA7D9816B7}.Debug|Any CPU.ActiveCfg = Debug|Any CPU
		{74D4ADCD-A81A-49CE-BF74-E3EA7D9816B7}.Debug|Any CPU.Build.0 = Debug|Any CPU
		{74D4ADCD-A81A-49CE-BF74-E3EA7D9816B7}.Release|Any CPU.ActiveCfg = Release|Any CPU
		{74D4ADCD-A81A-49CE-BF74-E3EA7D9816B7}.Release|Any CPU.Build.0 = Release|Any CPU
		{74D4ADCD-A81A-49CE-BF74-E3EA7D9816B7}.Tools|Any CPU.ActiveCfg = Tools|Any CPU
		{74D4ADCD-A81A-49CE-BF74-E3EA7D9816B7}.Tools|Any CPU.Build.0 = Tools|Any CPU
	EndGlobalSection
EndGlobal
